
Microsoft Visual Studio Solution File, Format Version 12.00
# Visual Studio Version 17
VisualStudioVersion = 17.7.33906.173
MinimumVisualStudioVersion = 10.0.40219.1
Project("{9A19103F-16F7-4668-BE54-9A1E7A4F7556}") = "BulkyBookWeb", "BulkyWeb\BulkyBookWeb.csproj", "{26EDA5E8-638F-4532-B462-FD3F4B3333FE}"
EndProject
Project("{9A19103F-16F7-4668-BE54-9A1E7A4F7556}") = "BulkyBook.DataAccess", "Bulky.DataAccess\BulkyBook.DataAccess.csproj", "{B8C8FC0B-AE3A-4D21-9CD5-ACB647875013}"
EndProject
Project("{9A19103F-16F7-4668-BE54-9A1E7A4F7556}") = "BulkyBook.Models", "Bulky.Models\BulkyBook.Models.csproj", "{28E438B4-D62C-455B-9052-F901D8F37823}"
EndProject
Project("{9A19103F-16F7-4668-BE54-9A1E7A4F7556}") = "BulkyBook.Utility", "Bulky.Utility\BulkyBook.Utility.csproj", "{48FE9EF0-D154-4E40-B74C-7E76F0CADB69}"
EndProject
Global
	GlobalSection(SolutionConfigurationPlatforms) = preSolution
		Debug|Any CPU = Debug|Any CPU
		Release|Any CPU = Release|Any CPU
	EndGlobalSection
	GlobalSection(ProjectConfigurationPlatforms) = postSolution
		{26EDA5E8-638F-4532-B462-FD3F4B3333FE}.Debug|Any CPU.ActiveCfg = Debug|Any CPU
		{26EDA5E8-638F-4532-B462-FD3F4B3333FE}.Debug|Any CPU.Build.0 = Debug|Any CPU
		{26EDA5E8-638F-4532-B462-FD3F4B3333FE}.Release|Any CPU.ActiveCfg = Release|Any CPU
		{26EDA5E8-638F-4532-B462-FD3F4B3333FE}.Release|Any CPU.Build.0 = Release|Any CPU
		{B8C8FC0B-AE3A-4D21-9CD5-ACB647875013}.Debug|Any CPU.ActiveCfg = Debug|Any CPU
		{B8C8FC0B-AE3A-4D21-9CD5-ACB647875013}.Debug|Any CPU.Build.0 = Debug|Any CPU
		{B8C8FC0B-AE3A-4D21-9CD5-ACB647875013}.Release|Any CPU.ActiveCfg = Release|Any CPU
		{B8C8FC0B-AE3A-4D21-9CD5-ACB647875013}.Release|Any CPU.Build.0 = Release|Any CPU
		{28E438B4-D62C-455B-9052-F901D8F37823}.Debug|Any CPU.ActiveCfg = Debug|Any CPU
		{28E438B4-D62C-455B-9052-F901D8F37823}.Debug|Any CPU.Build.0 = Debug|Any CPU
		{28E438B4-D62C-455B-9052-F901D8F37823}.Release|Any CPU.ActiveCfg = Release|Any CPU
		{28E438B4-D62C-455B-9052-F901D8F37823}.Release|Any CPU.Build.0 = Release|Any CPU
		{48FE9EF0-D154-4E40-B74C-7E76F0CADB69}.Debug|Any CPU.ActiveCfg = Debug|Any CPU
		{48FE9EF0-D154-4E40-B74C-7E76F0CADB69}.Debug|Any CPU.Build.0 = Debug|Any CPU
		{48FE9EF0-D154-4E40-B74C-7E76F0CADB69}.Release|Any CPU.ActiveCfg = Release|Any CPU
		{48FE9EF0-D154-4E40-B74C-7E76F0CADB69}.Release|Any CPU.Build.0 = Release|Any CPU
	EndGlobalSection
	GlobalSection(SolutionProperties) = preSolution
		HideSolutionNode = FALSE
	EndGlobalSection
	GlobalSection(ExtensibilityGlobals) = postSolution
		SolutionGuid = {EA9E86DF-06C4-493D-8C08-904B9234B3A3}
	EndGlobalSection
EndGlobal
